
Microsoft Visual Studio Solution File, Format Version 12.00
# Visual Studio 14
VisualStudioVersion = 14.0.25420.1
MinimumVisualStudioVersion = 10.0.40219.1
Project("{8BC9CEB8-8B4A-11D0-8D11-00A0C91BC942}") = "Min-Stack", "Min-Stack\Min-Stack.vcxproj", "{52D758D2-A8EB-42EA-A764-5D88BD9370F1}"
EndProject
Project("{8BC9CEB8-8B4A-11D0-8D11-00A0C91BC942}") = "Segment-Tree-Query", "Segment-Tree-Query\Segment-Tree-Query.vcxproj", "{B289AF0F-E68C-4F7A-8A89-495568AB2FF5}"
EndProject
Project("{2150E333-8FDC-42A3-9474-1A3956D46DE8}") = "Solution Items", "Solution Items", "{9AE7D888-B86B-4258-81FD-4D638936AF7A}"
	ProjectSection(SolutionItems) = preProject
		lib\ListNode.h = lib\ListNode.h
		lib\SegmentTreeNode.h = lib\SegmentTreeNode.h
		lib\TreeNode.h = lib\TreeNode.h
	EndProjectSection
EndProject
Project("{8BC9CEB8-8B4A-11D0-8D11-00A0C91BC942}") = "paint-house-ii", "paint-house-ii\paint-house-ii.vcxproj", "{1A658E17-68FB-47B8-876E-E54E8F43625E}"
EndProject
Project("{8BC9CEB8-8B4A-11D0-8D11-00A0C91BC942}") = "update-bits", "update-bits\update-bits.vcxproj", "{FE7F931F-1125-483B-9EF0-F00018E5F22F}"
EndProject
Project("{8BC9CEB8-8B4A-11D0-8D11-00A0C91BC942}") = "o1-check-power-of-2", "o1-check-power-of-2\o1-check-power-of-2.vcxproj", "{DF6D01C8-EFF2-48F2-900E-EADEE5C8A641}"
EndProject
Project("{8BC9CEB8-8B4A-11D0-8D11-00A0C91BC942}") = "linked-list-cycle", "linked-list-cycle\linked-list-cycle.vcxproj", "{AA3A74E4-488E-4978-A4BD-DA9FEF730F9E}"
EndProject
Project("{8BC9CEB8-8B4A-11D0-8D11-00A0C91BC942}") = "identical-binary-tree", "identical-binary-tree\identical-binary-tree.vcxproj", "{15D43DD7-DCA4-4C4A-A23D-20B3656416A8}"
EndProject
Project("{8BC9CEB8-8B4A-11D0-8D11-00A0C91BC942}") = "find-peak-element", "find-peak-element\find-peak-element.vcxproj", "{4FE6C833-D3D3-4BBE-A19A-571849C75C4A}"
EndProject
Project("{8BC9CEB8-8B4A-11D0-8D11-00A0C91BC942}") = "two-strings-are-anagrams", "two-strings-are-anagrams\two-strings-are-anagrams.vcxproj", "{61197BC3-F905-4170-A795-13B7CC173145}"
EndProject
Project("{8BC9CEB8-8B4A-11D0-8D11-00A0C91BC942}") = "string-to-integer-ii", "string-to-integer-ii\string-to-integer-ii.vcxproj", "{F66510E2-AD85-45CE-BE30-BDCA195038EC}"
EndProject
Project("{8BC9CEB8-8B4A-11D0-8D11-00A0C91BC942}") = "anagrams", "anagrams\anagrams.vcxproj", "{C7FD806C-78F3-479F-8EDE-6D9EC124EC20}"
EndProject
Global
	GlobalSection(SolutionConfigurationPlatforms) = preSolution
		Debug|x64 = Debug|x64
		Debug|x86 = Debug|x86
		Release|x64 = Release|x64
		Release|x86 = Release|x86
	EndGlobalSection
	GlobalSection(ProjectConfigurationPlatforms) = postSolution
		{52D758D2-A8EB-42EA-A764-5D88BD9370F1}.Debug|x64.ActiveCfg = Debug|x64
		{52D758D2-A8EB-42EA-A764-5D88BD9370F1}.Debug|x64.Build.0 = Debug|x64
		{52D758D2-A8EB-42EA-A764-5D88BD9370F1}.Debug|x86.ActiveCfg = Debug|Win32
		{52D758D2-A8EB-42EA-A764-5D88BD9370F1}.Debug|x86.Build.0 = Debug|Win32
		{52D758D2-A8EB-42EA-A764-5D88BD9370F1}.Release|x64.ActiveCfg = Release|x64
		{52D758D2-A8EB-42EA-A764-5D88BD9370F1}.Release|x64.Build.0 = Release|x64
		{52D758D2-A8EB-42EA-A764-5D88BD9370F1}.Release|x86.ActiveCfg = Release|Win32
		{52D758D2-A8EB-42EA-A764-5D88BD9370F1}.Release|x86.Build.0 = Release|Win32
		{B289AF0F-E68C-4F7A-8A89-495568AB2FF5}.Debug|x64.ActiveCfg = Debug|x64
		{B289AF0F-E68C-4F7A-8A89-495568AB2FF5}.Debug|x64.Build.0 = Debug|x64
		{B289AF0F-E68C-4F7A-8A89-495568AB2FF5}.Debug|x86.ActiveCfg = Debug|Win32
		{B289AF0F-E68C-4F7A-8A89-495568AB2FF5}.Debug|x86.Build.0 = Debug|Win32
		{B289AF0F-E68C-4F7A-8A89-495568AB2FF5}.Release|x64.ActiveCfg = Release|x64
		{B289AF0F-E68C-4F7A-8A89-495568AB2FF5}.Release|x64.Build.0 = Release|x64
		{B289AF0F-E68C-4F7A-8A89-495568AB2FF5}.Release|x86.ActiveCfg = Release|Win32
		{B289AF0F-E68C-4F7A-8A89-495568AB2FF5}.Release|x86.Build.0 = Release|Win32
		{1A658E17-68FB-47B8-876E-E54E8F43625E}.Debug|x64.ActiveCfg = Debug|x64
		{1A658E17-68FB-47B8-876E-E54E8F43625E}.Debug|x64.Build.0 = Debug|x64
		{1A658E17-68FB-47B8-876E-E54E8F43625E}.Debug|x86.ActiveCfg = Debug|Win32
		{1A658E17-68FB-47B8-876E-E54E8F43625E}.Debug|x86.Build.0 = Debug|Win32
		{1A658E17-68FB-47B8-876E-E54E8F43625E}.Release|x64.ActiveCfg = Release|x64
		{1A658E17-68FB-47B8-876E-E54E8F43625E}.Release|x64.Build.0 = Release|x64
		{1A658E17-68FB-47B8-876E-E54E8F43625E}.Release|x86.ActiveCfg = Release|Win32
		{1A658E17-68FB-47B8-876E-E54E8F43625E}.Release|x86.Build.0 = Release|Win32
		{FE7F931F-1125-483B-9EF0-F00018E5F22F}.Debug|x64.ActiveCfg = Debug|x64
		{FE7F931F-1125-483B-9EF0-F00018E5F22F}.Debug|x64.Build.0 = Debug|x64
		{FE7F931F-1125-483B-9EF0-F00018E5F22F}.Debug|x86.ActiveCfg = Debug|Win32
		{FE7F931F-1125-483B-9EF0-F00018E5F22F}.Debug|x86.Build.0 = Debug|Win32
		{FE7F931F-1125-483B-9EF0-F00018E5F22F}.Release|x64.ActiveCfg = Release|x64
		{FE7F931F-1125-483B-9EF0-F00018E5F22F}.Release|x64.Build.0 = Release|x64
		{FE7F931F-1125-483B-9EF0-F00018E5F22F}.Release|x86.ActiveCfg = Release|Win32
		{FE7F931F-1125-483B-9EF0-F00018E5F22F}.Release|x86.Build.0 = Release|Win32
		{DF6D01C8-EFF2-48F2-900E-EADEE5C8A641}.Debug|x64.ActiveCfg = Debug|x64
		{DF6D01C8-EFF2-48F2-900E-EADEE5C8A641}.Debug|x64.Build.0 = Debug|x64
		{DF6D01C8-EFF2-48F2-900E-EADEE5C8A641}.Debug|x86.ActiveCfg = Debug|Win32
		{DF6D01C8-EFF2-48F2-900E-EADEE5C8A641}.Debug|x86.Build.0 = Debug|Win32
		{DF6D01C8-EFF2-48F2-900E-EADEE5C8A641}.Release|x64.ActiveCfg = Release|x64
		{DF6D01C8-EFF2-48F2-900E-EADEE5C8A641}.Release|x64.Build.0 = Release|x64
		{DF6D01C8-EFF2-48F2-900E-EADEE5C8A641}.Release|x86.ActiveCfg = Release|Win32
		{DF6D01C8-EFF2-48F2-900E-EADEE5C8A641}.Release|x86.Build.0 = Release|Win32
		{AA3A74E4-488E-4978-A4BD-DA9FEF730F9E}.Debug|x64.ActiveCfg = Debug|x64
		{AA3A74E4-488E-4978-A4BD-DA9FEF730F9E}.Debug|x64.Build.0 = Debug|x64
		{AA3A74E4-488E-4978-A4BD-DA9FEF730F9E}.Debug|x86.ActiveCfg = Debug|Win32
		{AA3A74E4-488E-4978-A4BD-DA9FEF730F9E}.Debug|x86.Build.0 = Debug|Win32
		{AA3A74E4-488E-4978-A4BD-DA9FEF730F9E}.Release|x64.ActiveCfg = Release|x64
		{AA3A74E4-488E-4978-A4BD-DA9FEF730F9E}.Release|x64.Build.0 = Release|x64
		{AA3A74E4-488E-4978-A4BD-DA9FEF730F9E}.Release|x86.ActiveCfg = Release|Win32
		{AA3A74E4-488E-4978-A4BD-DA9FEF730F9E}.Release|x86.Build.0 = Release|Win32
		{15D43DD7-DCA4-4C4A-A23D-20B3656416A8}.Debug|x64.ActiveCfg = Debug|x64
		{15D43DD7-DCA4-4C4A-A23D-20B3656416A8}.Debug|x64.Build.0 = Debug|x64
		{15D43DD7-DCA4-4C4A-A23D-20B3656416A8}.Debug|x86.ActiveCfg = Debug|Win32
		{15D43DD7-DCA4-4C4A-A23D-20B3656416A8}.Debug|x86.Build.0 = Debug|Win32
		{15D43DD7-DCA4-4C4A-A23D-20B3656416A8}.Release|x64.ActiveCfg = Release|x64
		{15D43DD7-DCA4-4C4A-A23D-20B3656416A8}.Release|x64.Build.0 = Release|x64
		{15D43DD7-DCA4-4C4A-A23D-20B3656416A8}.Release|x86.ActiveCfg = Release|Win32
		{15D43DD7-DCA4-4C4A-A23D-20B3656416A8}.Release|x86.Build.0 = Release|Win32
		{4FE6C833-D3D3-4BBE-A19A-571849C75C4A}.Debug|x64.ActiveCfg = Debug|x64
		{4FE6C833-D3D3-4BBE-A19A-571849C75C4A}.Debug|x64.Build.0 = Debug|x64
		{4FE6C833-D3D3-4BBE-A19A-571849C75C4A}.Debug|x86.ActiveCfg = Debug|Win32
		{4FE6C833-D3D3-4BBE-A19A-571849C75C4A}.Debug|x86.Build.0 = Debug|Win32
		{4FE6C833-D3D3-4BBE-A19A-571849C75C4A}.Release|x64.ActiveCfg = Release|x64
		{4FE6C833-D3D3-4BBE-A19A-571849C75C4A}.Release|x64.Build.0 = Release|x64
		{4FE6C833-D3D3-4BBE-A19A-571849C75C4A}.Release|x86.ActiveCfg = Release|Win32
		{4FE6C833-D3D3-4BBE-A19A-571849C75C4A}.Release|x86.Build.0 = Release|Win32
		{61197BC3-F905-4170-A795-13B7CC173145}.Debug|x64.ActiveCfg = Debug|x64
		{61197BC3-F905-4170-A795-13B7CC173145}.Debug|x64.Build.0 = Debug|x64
		{61197BC3-F905-4170-A795-13B7CC173145}.Debug|x86.ActiveCfg = Debug|Win32
		{61197BC3-F905-4170-A795-13B7CC173145}.Debug|x86.Build.0 = Debug|Win32
		{61197BC3-F905-4170-A795-13B7CC173145}.Release|x64.ActiveCfg = Release|x64
		{61197BC3-F905-4170-A795-13B7CC173145}.Release|x64.Build.0 = Release|x64
		{61197BC3-F905-4170-A795-13B7CC173145}.Release|x86.ActiveCfg = Release|Win32
		{61197BC3-F905-4170-A795-13B7CC173145}.Release|x86.Build.0 = Release|Win32
		{F66510E2-AD85-45CE-BE30-BDCA195038EC}.Debug|x64.ActiveCfg = Debug|x64
		{F66510E2-AD85-45CE-BE30-BDCA195038EC}.Debug|x64.Build.0 = Debug|x64
		{F66510E2-AD85-45CE-BE30-BDCA195038EC}.Debug|x86.ActiveCfg = Debug|Win32
		{F66510E2-AD85-45CE-BE30-BDCA195038EC}.Debug|x86.Build.0 = Debug|Win32
		{F66510E2-AD85-45CE-BE30-BDCA195038EC}.Release|x64.ActiveCfg = Release|x64
		{F66510E2-AD85-45CE-BE30-BDCA195038EC}.Release|x64.Build.0 = Release|x64
		{F66510E2-AD85-45CE-BE30-BDCA195038EC}.Release|x86.ActiveCfg = Release|Win32
		{F66510E2-AD85-45CE-BE30-BDCA195038EC}.Release|x86.Build.0 = Release|Win32
		{C7FD806C-78F3-479F-8EDE-6D9EC124EC20}.Debug|x64.ActiveCfg = Debug|x64
		{C7FD806C-78F3-479F-8EDE-6D9EC124EC20}.Debug|x64.Build.0 = Debug|x64
		{C7FD806C-78F3-479F-8EDE-6D9EC124EC20}.Debug|x86.ActiveCfg = Debug|Win32
		{C7FD806C-78F3-479F-8EDE-6D9EC124EC20}.Debug|x86.Build.0 = Debug|Win32
		{C7FD806C-78F3-479F-8EDE-6D9EC124EC20}.Release|x64.ActiveCfg = Release|x64
		{C7FD806C-78F3-479F-8EDE-6D9EC124EC20}.Release|x64.Build.0 = Release|x64
		{C7FD806C-78F3-479F-8EDE-6D9EC124EC20}.Release|x86.ActiveCfg = Release|Win32
		{C7FD806C-78F3-479F-8EDE-6D9EC124EC20}.Release|x86.Build.0 = Release|Win32
	EndGlobalSection
	GlobalSection(SolutionProperties) = preSolution
		HideSolutionNode = FALSE
	EndGlobalSection
EndGlobal
